
Microsoft Visual Studio Solution File, Format Version 12.00
# Visual Studio 15
VisualStudioVersion = 15.0.28307.106
MinimumVisualStudioVersion = 10.0.40219.1
Project("{9A19103F-16F7-4668-BE54-9A1E7A4F7556}") = "PH.Babel2", "PH.Babel2\PH.Babel2.csproj", "{E5A74391-26E2-4D07-97C1-F78044BA44B5}"
EndProject
Project("{9A19103F-16F7-4668-BE54-9A1E7A4F7556}") = "PH.Babel2.UnitTestProject", "PH.Babel2.UnitTestProject\PH.Babel2.UnitTestProject.csproj", "{D60E48BF-52A6-4CD1-8268-6CD0CBACD860}"
EndProject
Project("{9A19103F-16F7-4668-BE54-9A1E7A4F7556}") = "PH.Babel2.Autofac", "PH.Babel2.Autofac\PH.Babel2.Autofac.csproj", "{008D4792-6BAD-485A-A751-BE6EBE018E93}"
EndProject
Project("{2150E333-8FDC-42A3-9474-1A3956D46DE8}") = "Test", "Test", "{F427C2AE-B515-42D3-9545-DAFC8A998F03}"
EndProject
Project("{FAE04EC0-301F-11D3-BF4B-00C04F79EFBC}") = "PH.Babel2.AutofacTestProject", "PH.Babel2.AutofacTestProject\PH.Babel2.AutofacTestProject.csproj", "{20DE40EA-4A06-44D7-883B-8B4946185E27}"
EndProject
Global
	GlobalSection(SolutionConfigurationPlatforms) = preSolution
		Debug|Any CPU = Debug|Any CPU
		Release|Any CPU = Release|Any CPU
	EndGlobalSection
	GlobalSection(ProjectConfigurationPlatforms) = postSolution
		{E5A74391-26E2-4D07-97C1-F78044BA44B5}.Debug|Any CPU.ActiveCfg = Debug|Any CPU
		{E5A74391-26E2-4D07-97C1-F78044BA44B5}.Debug|Any CPU.Build.0 = Debug|Any CPU
		{E5A74391-26E2-4D07-97C1-F78044BA44B5}.Release|Any CPU.ActiveCfg = Release|Any CPU
		{E5A74391-26E2-4D07-97C1-F78044BA44B5}.Release|Any CPU.Build.0 = Release|Any CPU
		{D60E48BF-52A6-4CD1-8268-6CD0CBACD860}.Debug|Any CPU.ActiveCfg = Debug|Any CPU
		{D60E48BF-52A6-4CD1-8268-6CD0CBACD860}.Debug|Any CPU.Build.0 = Debug|Any CPU
		{D60E48BF-52A6-4CD1-8268-6CD0CBACD860}.Release|Any CPU.ActiveCfg = Release|Any CPU
		{D60E48BF-52A6-4CD1-8268-6CD0CBACD860}.Release|Any CPU.Build.0 = Release|Any CPU
		{008D4792-6BAD-485A-A751-BE6EBE018E93}.Debug|Any CPU.ActiveCfg = Debug|Any CPU
		{008D4792-6BAD-485A-A751-BE6EBE018E93}.Debug|Any CPU.Build.0 = Debug|Any CPU
		{008D4792-6BAD-485A-A751-BE6EBE018E93}.Release|Any CPU.ActiveCfg = Release|Any CPU
		{008D4792-6BAD-485A-A751-BE6EBE018E93}.Release|Any CPU.Build.0 = Release|Any CPU
		{20DE40EA-4A06-44D7-883B-8B4946185E27}.Debug|Any CPU.ActiveCfg = Debug|Any CPU
		{20DE40EA-4A06-44D7-883B-8B4946185E27}.Debug|Any CPU.Build.0 = Debug|Any CPU
		{20DE40EA-4A06-44D7-883B-8B4946185E27}.Release|Any CPU.ActiveCfg = Release|Any CPU
		{20DE40EA-4A06-44D7-883B-8B4946185E27}.Release|Any CPU.Build.0 = Release|Any CPU
	EndGlobalSection
	GlobalSection(SolutionProperties) = preSolution
		HideSolutionNode = FALSE
	EndGlobalSection
	GlobalSection(NestedProjects) = preSolution
		{D60E48BF-52A6-4CD1-8268-6CD0CBACD860} = {F427C2AE-B515-42D3-9545-DAFC8A998F03}
		{20DE40EA-4A06-44D7-883B-8B4946185E27} = {F427C2AE-B515-42D3-9545-DAFC8A998F03}
	EndGlobalSection
	GlobalSection(ExtensibilityGlobals) = postSolution
		SolutionGuid = {4088F5EA-2428-49F8-9936-0793A5F6E415}
	EndGlobalSection
EndGlobal
